
Microsoft Visual Studio Solution File, Format Version 12.00
# Visual Studio Version 16
VisualStudioVersion = 16.0.31702.278
MinimumVisualStudioVersion = 10.0.40219.1
Project("{FAE04EC0-301F-11D3-BF4B-00C04F79EFBC}") = "quanlynhansu.Models", "quanlynhansu.Models\quanlynhansu.Models.csproj", "{5BDF17CC-DA37-4839-8C3A-59838BB3F5A0}"
EndProject
Project("{FAE04EC0-301F-11D3-BF4B-00C04F79EFBC}") = "quanlynhansu.API", "quanlynhansu.API\quanlynhansu.API.csproj", "{78FB1B86-422C-41C0-B3A8-235CCC480C3C}"
EndProject
Project("{FAE04EC0-301F-11D3-BF4B-00C04F79EFBC}") = "quanlynhansu.App", "quanlynhansu.App\quanlynhansu.App.csproj", "{460D116C-2C45-4D80-876C-788301CD3E17}"
EndProject
Global
	GlobalSection(SolutionConfigurationPlatforms) = preSolution
		Debug|Any CPU = Debug|Any CPU
		Release|Any CPU = Release|Any CPU
	EndGlobalSection
	GlobalSection(ProjectConfigurationPlatforms) = postSolution
		{5BDF17CC-DA37-4839-8C3A-59838BB3F5A0}.Debug|Any CPU.ActiveCfg = Debug|Any CPU
		{5BDF17CC-DA37-4839-8C3A-59838BB3F5A0}.Debug|Any CPU.Build.0 = Debug|Any CPU
		{5BDF17CC-DA37-4839-8C3A-59838BB3F5A0}.Release|Any CPU.ActiveCfg = Release|Any CPU
		{5BDF17CC-DA37-4839-8C3A-59838BB3F5A0}.Release|Any CPU.Build.0 = Release|Any CPU
		{78FB1B86-422C-41C0-B3A8-235CCC480C3C}.Debug|Any CPU.ActiveCfg = Debug|Any CPU
		{78FB1B86-422C-41C0-B3A8-235CCC480C3C}.Debug|Any CPU.Build.0 = Debug|Any CPU
		{78FB1B86-422C-41C0-B3A8-235CCC480C3C}.Release|Any CPU.ActiveCfg = Release|Any CPU
		{78FB1B86-422C-41C0-B3A8-235CCC480C3C}.Release|Any CPU.Build.0 = Release|Any CPU
		{460D116C-2C45-4D80-876C-788301CD3E17}.Debug|Any CPU.ActiveCfg = Debug|Any CPU
		{460D116C-2C45-4D80-876C-788301CD3E17}.Debug|Any CPU.Build.0 = Debug|Any CPU
		{460D116C-2C45-4D80-876C-788301CD3E17}.Release|Any CPU.ActiveCfg = Release|Any CPU
		{460D116C-2C45-4D80-876C-788301CD3E17}.Release|Any CPU.Build.0 = Release|Any CPU
	EndGlobalSection
	GlobalSection(SolutionProperties) = preSolution
		HideSolutionNode = FALSE
	EndGlobalSection
	GlobalSection(ExtensibilityGlobals) = postSolution
		SolutionGuid = {48C69B54-DE44-4007-8B5A-A71F3B22E868}
	EndGlobalSection
EndGlobal
